{
  "name": "QiniuLiveWX",
  "version": "1.0.0",
  "lockfileVersion": 1,
  "requires": true,
  "dependencies": {
    "events": {
      "version": "3.0.0",
      "resolved": "https://registry.npmjs.org/events/-/events-3.0.0.tgz",
      "integrity": "sha512-Dc381HFWJzEOhQ+d8pkNon++bk9h6cdAoAj4iE6Q4y6xgTzySWXlKn05/TVNpjnfRqi/X0EpJEJohPjNI3zpVA=="
    },
    "js-base64": {
      "version": "2.5.1",
      "resolved": "https://registry.npmjs.org/js-base64/-/js-base64-2.5.1.tgz",
      "integrity": "sha512-M7kLczedRMYX4L8Mdh4MzyAMM9O5osx+4FcOQuTvr3A9F2D9S5JXheN0ewNbrvK2UatkTRhL5ejGmGSjNMiZuw=="
    },
    "pili-rtc-wxapp": {
      "version": "1.1.0",
      "resolved": "https://registry.npmjs.org/pili-rtc-wxapp/-/pili-rtc-wxapp-1.1.0.tgz",
      "integrity": "sha512-LAZG+v6m3kQBy6jxO1Hbq8onO5GTyd8LQLTacHjLkFk6m1QvAbyPn7JxjhZSJbZvqWCgvAFU9592Skwyp80siQ==",
      "requires": {
        "events": "3.0.0",
        "js-base64": "2.5.1"
      }
    }
  }
}
